{
    "_readme": [
        "This file locks the dependencies of your project to a known state",
        "Read more about it at https://getcomposer.org/doc/01-basic-usage.md#installing-dependencies",
        "This file is @generated automatically"
    ],
    "content-hash": "e45006f0226930aaf5ad30dc27179593",
    "packages": [
        {
            "name": "eftec/bladeone",
            "version": "3.52",
            "source": {
                "type": "git",
                "url": "https://github.com/EFTEC/BladeOne.git",
                "reference": "a19bf66917de0b29836983db87a455a4f6e32148"
            },
            "dist": {
                "type": "zip",
                "url": "https://api.github.com/repos/EFTEC/BladeOne/zipball/a19bf66917de0b29836983db87a455a4f6e32148",
                "reference": "a19bf66917de0b29836983db87a455a4f6e32148",
                "shasum": ""
            },
            "require": {
                "ext-json": "*",
                "php": ">=5.6"
            },
            "require-dev": {
                "friendsofphp/php-cs-fixer": "^2.16.1",
                "phpunit/phpunit": "^5.7",
                "squizlabs/php_codesniffer": "^3.5.4"
            },
            "suggest": {
                "eftec/bladeonehtml": "Extension to create forms",
                "ext-mbstring": "This extension is used if it's active"
            },
            "type": "library",
            "autoload": {
                "psr-4": {
                    "eftec\\bladeone\\": "lib/"
                }
            },
            "notification-url": "https://packagist.org/downloads/",
            "license": [
                "MIT"
            ],
            "authors": [
                {
                    "name": "Jorge Patricio Castro Castillo",
                    "email": "jcastro@eftec.cl"
                }
            ],
            "description": "The standalone version Blade Template Engine from Laravel in a single php file",
            "homepage": "https://github.com/EFTEC/BladeOne",
            "keywords": [
                "blade",
                "php",
                "template",
                "templating",
                "view"
            ],
            "support": {
                "issues": "https://github.com/EFTEC/BladeOne/issues",
                "source": "https://github.com/EFTEC/BladeOne/tree/3.52"
            },
            "time": "2021-04-17T13:49:01+00:00"
        },
        {
            "name": "thingengineer/mysqli-database-class",
            "version": "dev-master",
            "source": {
                "type": "git",
                "url": "https://github.com/ThingEngineer/PHP-MySQLi-Database-Class.git",
                "reference": "16564ba0717fad64617a1ce4a8d3f9b90e68c7c2"
            },
            "dist": {
                "type": "zip",
                "url": "https://api.github.com/repos/ThingEngineer/PHP-MySQLi-Database-Class/zipball/16564ba0717fad64617a1ce4a8d3f9b90e68c7c2",
                "reference": "16564ba0717fad64617a1ce4a8d3f9b90e68c7c2",
                "shasum": ""
            },
            "require": {
                "php": ">=5.3.0"
            },
            "default-branch": true,
            "type": "library",
            "autoload": {
                "files": [
                    "MysqliDb.php",
                    "dbObject.php"
                ]
            },
            "notification-url": "https://packagist.org/downloads/",
            "license": [
                "GPL-3.0-or-later"
            ],
            "authors": [
                {
                    "name": "Josh Campbell",
                    "email": "josh.lee.campbell@gmail.com",
                    "homepage": "https://github.com/thingengineer",
                    "role": "Developer"
                },
                {
                    "name": "Alexander V. Butenko",
                    "email": "a.butenka@gmail.com",
                    "homepage": "http://smarttechdo.com",
                    "role": "Developer"
                }
            ],
            "description": "PHP MySQL Wrapper and object mapper which utilizes MySQLi and prepared statements",
            "support": {
                "issues": "https://github.com/ThingEngineer/PHP-MySQLi-Database-Class/issues",
                "source": "https://github.com/ThingEngineer/PHP-MySQLi-Database-Class/tree/master"
            },
            "time": "2020-10-14T10:55:58+00:00"
        }
    ],
    "packages-dev": [
        {
            "name": "itsgoingd/clockwork",
            "version": "v5.1.0",
            "source": {
                "type": "git",
                "url": "https://github.com/itsgoingd/clockwork.git",
                "reference": "b963dee47429a49c9669981cfa9a8362ce209278"
            },
            "dist": {
                "type": "zip",
                "url": "https://api.github.com/repos/itsgoingd/clockwork/zipball/b963dee47429a49c9669981cfa9a8362ce209278",
                "reference": "b963dee47429a49c9669981cfa9a8362ce209278",
                "shasum": ""
            },
            "require": {
                "ext-json": "*",
                "php": ">=5.6",
                "psr/log": "1.*"
            },
            "type": "library",
            "extra": {
                "laravel": {
                    "providers": [
                        "Clockwork\\Support\\Laravel\\ClockworkServiceProvider"
                    ],
                    "aliases": {
                        "Clockwork": "Clockwork\\Support\\Laravel\\Facade"
                    }
                }
            },
            "autoload": {
                "psr-4": {
                    "Clockwork\\": "Clockwork/"
                }
            },
            "notification-url": "https://packagist.org/downloads/",
            "license": [
                "MIT"
            ],
            "authors": [
                {
                    "name": "itsgoingd",
                    "email": "itsgoingd@luzer.sk",
                    "homepage": "https://twitter.com/itsgoingd"
                }
            ],
            "description": "php dev tools in your browser",
            "homepage": "https://underground.works/clockwork",
            "keywords": [
                "Devtools",
                "debugging",
                "laravel",
                "logging",
                "lumen",
                "profiling",
                "slim"
            ],
            "support": {
                "issues": "https://github.com/itsgoingd/clockwork/issues",
                "source": "https://github.com/itsgoingd/clockwork/tree/v5.1.0"
            },
            "funding": [
                {
                    "url": "https://github.com/itsgoingd",
                    "type": "github"
                }
            ],
            "time": "2021-08-07T23:04:17+00:00"
        },
        {
            "name": "psr/log",
            "version": "1.1.4",
            "source": {
                "type": "git",
                "url": "https://github.com/php-fig/log.git",
                "reference": "d49695b909c3b7628b6289db5479a1c204601f11"
            },
            "dist": {
                "type": "zip",
                "url": "https://api.github.com/repos/php-fig/log/zipball/d49695b909c3b7628b6289db5479a1c204601f11",
                "reference": "d49695b909c3b7628b6289db5479a1c204601f11",
                "shasum": ""
            },
            "require": {
                "php": ">=5.3.0"
            },
            "type": "library",
            "extra": {
                "branch-alias": {
                    "dev-master": "1.1.x-dev"
                }
            },
            "autoload": {
                "psr-4": {
                    "Psr\\Log\\": "Psr/Log/"
                }
            },
            "notification-url": "https://packagist.org/downloads/",
            "license": [
                "MIT"
            ],
            "authors": [
                {
                    "name": "PHP-FIG",
                    "homepage": "https://www.php-fig.org/"
                }
            ],
            "description": "Common interface for logging libraries",
            "homepage": "https://github.com/php-fig/log",
            "keywords": [
                "log",
                "psr",
                "psr-3"
            ],
            "support": {
                "source": "https://github.com/php-fig/log/tree/1.1.4"
            },
            "time": "2021-05-03T11:20:27+00:00"
        }
    ],
    "aliases": [],
    "minimum-stability": "stable",
    "stability-flags": {
        "thingengineer/mysqli-database-class": 20
    },
    "prefer-stable": false,
    "prefer-lowest": false,
    "platform": [],
    "platform-dev": [],
    "plugin-api-version": "2.0.0"
}
